
Microsoft Visual Studio Solution File, Format Version 12.00
# Visual Studio Version 17
VisualStudioVersion = 17.14.36221.1 d17.14
MinimumVisualStudioVersion = 10.0.40219.1
Project("{FAE04EC0-301F-11D3-BF4B-00C04F79EFBC}") = "exercicios", "exercicios.csproj", "{836E0CD1-C9D4-45A6-ABAE-D66E83CFE652}"
EndProject
Global
	GlobalSection(SolutionConfigurationPlatforms) = preSolution
		Debug|Any CPU = Debug|Any CPU
		Release|Any CPU = Release|Any CPU
	EndGlobalSection
	GlobalSection(ProjectConfigurationPlatforms) = postSolution
		{836E0CD1-C9D4-45A6-ABAE-D66E83CFE652}.Debug|Any CPU.ActiveCfg = Debug|Any CPU
		{836E0CD1-C9D4-45A6-ABAE-D66E83CFE652}.Debug|Any CPU.Build.0 = Debug|Any CPU
		{836E0CD1-C9D4-45A6-ABAE-D66E83CFE652}.Release|Any CPU.ActiveCfg = Release|Any CPU
		{836E0CD1-C9D4-45A6-ABAE-D66E83CFE652}.Release|Any CPU.Build.0 = Release|Any CPU
	EndGlobalSection
	GlobalSection(SolutionProperties) = preSolution
		HideSolutionNode = FALSE
	EndGlobalSection
	GlobalSection(ExtensibilityGlobals) = postSolution
		SolutionGuid = {D97611ED-5EDF-4165-8F48-5475C8A945B8}
	EndGlobalSection
EndGlobal
